
Microsoft Visual Studio Solution File, Format Version 12.00
# Visual Studio Version 17
VisualStudioVersion = 17.6.33829.357
MinimumVisualStudioVersion = 10.0.40219.1
Project("{FAE04EC0-301F-11D3-BF4B-00C04F79EFBC}") = "FAK.Api.AzureAppConfig.Api", "FAK.Api.AzureAppConfig.Api\FAK.Api.AzureAppConfig.Api.csproj", "{DB7C8563-465C-4C8F-8F24-4C80D87C5B2E}"
EndProject
Global
	GlobalSection(SolutionConfigurationPlatforms) = preSolution
		Debug|Any CPU = Debug|Any CPU
		Release|Any CPU = Release|Any CPU
	EndGlobalSection
	GlobalSection(ProjectConfigurationPlatforms) = postSolution
		{DB7C8563-465C-4C8F-8F24-4C80D87C5B2E}.Debug|Any CPU.ActiveCfg = Debug|Any CPU
		{DB7C8563-465C-4C8F-8F24-4C80D87C5B2E}.Debug|Any CPU.Build.0 = Debug|Any CPU
		{DB7C8563-465C-4C8F-8F24-4C80D87C5B2E}.Release|Any CPU.ActiveCfg = Release|Any CPU
		{DB7C8563-465C-4C8F-8F24-4C80D87C5B2E}.Release|Any CPU.Build.0 = Release|Any CPU
	EndGlobalSection
	GlobalSection(SolutionProperties) = preSolution
		HideSolutionNode = FALSE
	EndGlobalSection
	GlobalSection(ExtensibilityGlobals) = postSolution
		SolutionGuid = {5CD856BF-6EDE-400C-A3E6-006E3CC6C080}
	EndGlobalSection
EndGlobal
